
Microsoft Visual Studio Solution File, Format Version 12.00
# Visual Studio Version 16
VisualStudioVersion = 25.0.1706.9
MinimumVisualStudioVersion = 10.0.40219.1
Project("{FAE04EC0-301F-11D3-BF4B-00C04F79EFBC}") = "PAYMENT_API", "PAYMENT_API\PAYMENT_API.csproj", "{DFDE6D24-2684-430F-A70A-E6F976A94039}"
EndProject
Global
	GlobalSection(SolutionConfigurationPlatforms) = preSolution
		Debug|Any CPU = Debug|Any CPU
		Release|Any CPU = Release|Any CPU
	EndGlobalSection
	GlobalSection(ProjectConfigurationPlatforms) = postSolution
		{DFDE6D24-2684-430F-A70A-E6F976A94039}.Debug|Any CPU.ActiveCfg = Debug|Any CPU
		{DFDE6D24-2684-430F-A70A-E6F976A94039}.Debug|Any CPU.Build.0 = Debug|Any CPU
		{DFDE6D24-2684-430F-A70A-E6F976A94039}.Release|Any CPU.ActiveCfg = Release|Any CPU
		{DFDE6D24-2684-430F-A70A-E6F976A94039}.Release|Any CPU.Build.0 = Release|Any CPU
	EndGlobalSection
	GlobalSection(SolutionProperties) = preSolution
		HideSolutionNode = FALSE
	EndGlobalSection
	GlobalSection(ExtensibilityGlobals) = postSolution
		SolutionGuid = {CDD6D822-8CFA-43BE-BDC1-D80AB8D57442}
	EndGlobalSection
EndGlobal
